
Microsoft Visual Studio Solution File, Format Version 12.00
# Visual Studio 15
VisualStudioVersion = 15.0.28307.168
MinimumVisualStudioVersion = 10.0.40219.1
Project("{FAE04EC0-301F-11D3-BF4B-00C04F79EFBC}") = "Cookbook.Web", "Cookbook\Cookbook.Web.csproj", "{BA30F4BD-E138-4337-9443-A49C29BD81AE}"
EndProject
Project("{9A19103F-16F7-4668-BE54-9A1E7A4F7556}") = "Cookbook.Data", "Cookbook.Data\Cookbook.Data.csproj", "{B47036FA-DB90-4B71-BF2C-E45150930C1C}"
EndProject
Global
	GlobalSection(SolutionConfigurationPlatforms) = preSolution
		Debug|Any CPU = Debug|Any CPU
		Release|Any CPU = Release|Any CPU
	EndGlobalSection
	GlobalSection(ProjectConfigurationPlatforms) = postSolution
		{BA30F4BD-E138-4337-9443-A49C29BD81AE}.Debug|Any CPU.ActiveCfg = Debug|Any CPU
		{BA30F4BD-E138-4337-9443-A49C29BD81AE}.Debug|Any CPU.Build.0 = Debug|Any CPU
		{BA30F4BD-E138-4337-9443-A49C29BD81AE}.Release|Any CPU.ActiveCfg = Release|Any CPU
		{BA30F4BD-E138-4337-9443-A49C29BD81AE}.Release|Any CPU.Build.0 = Release|Any CPU
		{B47036FA-DB90-4B71-BF2C-E45150930C1C}.Debug|Any CPU.ActiveCfg = Debug|Any CPU
		{B47036FA-DB90-4B71-BF2C-E45150930C1C}.Debug|Any CPU.Build.0 = Debug|Any CPU
		{B47036FA-DB90-4B71-BF2C-E45150930C1C}.Release|Any CPU.ActiveCfg = Release|Any CPU
		{B47036FA-DB90-4B71-BF2C-E45150930C1C}.Release|Any CPU.Build.0 = Release|Any CPU
	EndGlobalSection
	GlobalSection(SolutionProperties) = preSolution
		HideSolutionNode = FALSE
	EndGlobalSection
	GlobalSection(ExtensibilityGlobals) = postSolution
		SolutionGuid = {6E602EB9-4A4F-4901-8E26-73920B0B2E34}
	EndGlobalSection
EndGlobal
